# THIS IS AN AUTOGENERATED FILE. DO NOT EDIT THIS FILE DIRECTLY.
# yarn lockfile v1


"@esbuild-kit/cjs-loader@^2.3.3":
  version "2.3.3"
  resolved "https://registry.yarnpkg.com/@esbuild-kit/cjs-loader/-/cjs-loader-2.3.3.tgz#d65a8cc099d88ac58a571403428d82d1a791aefa"
  integrity sha512-Rt4O1mXlPEDVxvjsHLgbtHVdUXYK9C1/6ThpQnt7FaXIjUOsI6qhHYMgALhNnlIMZffag44lXd6Dqgx3xALbpQ==
  dependencies:
    "@esbuild-kit/core-utils" "^2.1.0"
    get-tsconfig "^4.1.0"

"@esbuild-kit/core-utils@^2.1.0":
  version "2.3.0"
  resolved "https://registry.yarnpkg.com/@esbuild-kit/core-utils/-/core-utils-2.3.0.tgz#b1e979fb19d23c71cf8815e3bcd0e792d9c9049d"
  integrity sha512-JL73zt/LN/qqziHuod4/bM2xBNNofDZu1cbwT6KIn6B11lA4cgDXkoSHOfNCbZMZOnh0Aqf0vW/gNQC+Z18hKQ==
  dependencies:
    esbuild "~0.15.4"
    source-map-support "^0.5.21"

"@esbuild-kit/esm-loader@^2.4.2":
  version "2.4.2"
  resolved "https://registry.yarnpkg.com/@esbuild-kit/esm-loader/-/esm-loader-2.4.2.tgz#b358112c6592f422cc43c0439396537481518412"
  integrity sha512-N9dPKAj8WOx6djVnStgILWXip4fjDcBk9L7azO0/uQDpu8Ee0eaL78mkN4Acid9BzvNAKWwdYXFJZnsVahNEew==
  dependencies:
    "@esbuild-kit/core-utils" "^2.1.0"
    get-tsconfig "^4.1.0"

"@esbuild/linux-loong64@0.15.6":
  version "0.15.6"
  resolved "https://registry.yarnpkg.com/@esbuild/linux-loong64/-/linux-loong64-0.15.6.tgz#45be4184f00e505411bc265a05e709764114acd8"
  integrity sha512-hqmVU2mUjH6J2ZivHphJ/Pdse2ZD+uGCHK0uvsiLDk/JnSedEVj77CiVUnbMKuU4tih1TZZL8tG9DExQg/GZsw==

"@nodelib/fs.scandir@2.1.5":
  version "2.1.5"
  resolved "https://registry.npmjs.org/@nodelib/fs.scandir/-/fs.scandir-2.1.5.tgz"
  integrity sha512-vq24Bq3ym5HEQm2NKCr3yXDwjc7vTsEThRDnkp2DK9p1uqLR+DHurm/NOTo0KG7HYHU7eppKZj3MyqYuMBf62g==
  dependencies:
    "@nodelib/fs.stat" "2.0.5"
    run-parallel "^1.1.9"

"@nodelib/fs.stat@2.0.5", "@nodelib/fs.stat@^2.0.2":
  version "2.0.5"
  resolved "https://registry.npmjs.org/@nodelib/fs.stat/-/fs.stat-2.0.5.tgz"
  integrity sha512-RkhPPp2zrqDAQA/2jNhnztcPAlv64XdhIp7a7454A5ovI7Bukxgt7MX7udwAu3zg1DcpPU0rz3VV1SeaqvY4+A==

"@nodelib/fs.walk@^1.2.3":
  version "1.2.8"
  resolved "https://registry.npmjs.org/@nodelib/fs.walk/-/fs.walk-1.2.8.tgz"
  integrity sha512-oGB+UxlgWcgQkgwo8GcEGwemoTFt3FIO9ababBmaGwXIoBKZ+GTy0pP185beGg7Llih/NSHSV2XAs1lnznocSg==
  dependencies:
    "@nodelib/fs.scandir" "2.1.5"
    fastq "^1.6.0"

"@swc/cli@^0.1.57":
  version "0.1.57"
  resolved "https://registry.npmjs.org/@swc/cli/-/cli-0.1.57.tgz"
  integrity sha512-HxM8TqYHhAg+zp7+RdTU69bnkl4MWdt1ygyp6BDIPjTiaJVH6Dizn2ezbgDS8mnFZI1FyhKvxU/bbaUs8XhzQg==
  dependencies:
    commander "^7.1.0"
    fast-glob "^3.2.5"
    slash "3.0.0"
    source-map "^0.7.3"

"@swc/core-android-arm-eabi@1.2.245":
  version "1.2.245"
  resolved "https://registry.yarnpkg.com/@swc/core-android-arm-eabi/-/core-android-arm-eabi-1.2.245.tgz#d3dfa9d6a4a623d2d7e2b221417bfd5dac6477a1"
  integrity sha512-KpQVX1DdvOjNupJzoM1j6BqEnZjIJlGV0vINNE46bIybMrCMA14Q5OnsI8hGHH6WizSEV7FrMaFHpAQLwu+uhQ==
  dependencies:
    "@swc/wasm" "1.2.122"

"@swc/core-android-arm64@1.2.245":
  version "1.2.245"
  resolved "https://registry.yarnpkg.com/@swc/core-android-arm64/-/core-android-arm64-1.2.245.tgz#b516b033a1ee48c745d671618329e8903f5eda2a"
  integrity sha512-QEK0aphFD+Z9zV+b38wasuM8nMrS9mixXybzXGZeRrGCUHOLxHeQzP69ksHocv8uBKLrega5NWcYxRwul7bueQ==
  dependencies:
    "@swc/wasm" "1.2.130"

"@swc/core-darwin-arm64@1.2.245":
  version "1.2.245"
  resolved "https://registry.yarnpkg.com/@swc/core-darwin-arm64/-/core-darwin-arm64-1.2.245.tgz#33c5db025642715f4bcad2ef229df5494cb67013"
  integrity sha512-0qn4H9h6otyW3L+sFSCZ7pgp93fxizFIkBscxShjX1160zs4AScnK5hp4kNYfyjxr2tMCIA5WVttfL6NIYp6Uw==

"@swc/core-darwin-x64@1.2.245":
  version "1.2.245"
  resolved "https://registry.npmjs.org/@swc/core-darwin-x64/-/core-darwin-x64-1.2.245.tgz"
  integrity sha512-DkJHcGZi3pZkH+jl6QCWcXB00xP9Ntp8btpUuqsiRhtNkbQhTOk+2d8M3AzSJs/p2Jlr3Z24tBIq52q3CQJiCg==

"@swc/core-freebsd-x64@1.2.245":
  version "1.2.245"
  resolved "https://registry.yarnpkg.com/@swc/core-freebsd-x64/-/core-freebsd-x64-1.2.245.tgz#917646c55424946456988d7df25b137ebb5318e1"
  integrity sha512-xKM7VDXzgZL4Mh3TAtQz1sHK8yxoinvddX5MRanmQXoEEGeIWaYKqKYymbhjw4DwIZakB58rc7MjYrpDLK6dOA==
  dependencies:
    "@swc/wasm" "1.2.130"

"@swc/core-linux-arm-gnueabihf@1.2.245":
  version "1.2.245"
  resolved "https://registry.yarnpkg.com/@swc/core-linux-arm-gnueabihf/-/core-linux-arm-gnueabihf-1.2.245.tgz#a8e94b46d65ed2b2183421b517ae5da388a177f8"
  integrity sha512-n9CE5AP4/xa5crPbEJovLIsS9UR1/zBrVERWXDTSUEvpS6yiV2KuMa8fWuJ+rJtS1soNhCKsS/8cHljBb4b77A==
  dependencies:
    "@swc/wasm" "1.2.130"

"@swc/core-linux-arm64-gnu@1.2.245":
  version "1.2.245"
  resolved "https://registry.yarnpkg.com/@swc/core-linux-arm64-gnu/-/core-linux-arm64-gnu-1.2.245.tgz#1cc35e1205c47b8fab94e99f35a52376fb6a525e"
  integrity sha512-P0x8QKxGoZeLVLMxBR/XCJobiTjxS6QPCHJsWfhdktCZoxm/+3OtH858ns9b7lFNV3tggxAU6l9PtXdkvU6Cew==

"@swc/core-linux-arm64-musl@1.2.245":
  version "1.2.245"
  resolved "https://registry.yarnpkg.com/@swc/core-linux-arm64-musl/-/core-linux-arm64-musl-1.2.245.tgz#13d23fae0b012d5b60c5d455e26e83cdb0dc20dc"
  integrity sha512-dHvYYpZHIMXPVfFrOz6kgTFVDEAq2SVjRwOl7aqpDpFfTRW7JEc7yuHh/W+kioMhVIiscMc6lXHFXSUlRA5qFA==

"@swc/core-linux-x64-gnu@1.2.245":
  version "1.2.245"
  resolved "https://registry.yarnpkg.com/@swc/core-linux-x64-gnu/-/core-linux-x64-gnu-1.2.245.tgz#a39ccd128b4c6c5a759170789a11f533dba753ec"
  integrity sha512-NAgd4ImnWubYKdZE1sQi9hNvsSw8+z3nVm7WrZqhBx3OVQx/XQ2OQxUKIYvTe3LInUDxywX+ifRQ/syR/pFHUQ==

"@swc/core-linux-x64-musl@1.2.245":
  version "1.2.245"
  resolved "https://registry.yarnpkg.com/@swc/core-linux-x64-musl/-/core-linux-x64-musl-1.2.245.tgz#2797641fcce6ef8babce99923aef81e1faf3e70a"
  integrity sha512-jBThAr+TdmGRj5syD58IRlTu+N/9IcWT4GZ/YdujwDifyb2oZVj5Hop5D8wMBqBrDs1oWmK43sHp2suTfWdKBQ==

"@swc/core-win32-arm64-msvc@1.2.245":
  version "1.2.245"
  resolved "https://registry.yarnpkg.com/@swc/core-win32-arm64-msvc/-/core-win32-arm64-msvc-1.2.245.tgz#ace106c6c1f8d3fb969ce07914e54d29c217e275"
  integrity sha512-m0cCHZHTay0J1PxUGEVeoe9Xr8Xmf2Ahdn+FPk3tp/bqA+65eT527kAQBRc6fsyJyu6tip3STVQHapFauD/w9g==
  dependencies:
    "@swc/wasm" "1.2.130"

"@swc/core-win32-ia32-msvc@1.2.245":
  version "1.2.245"
  resolved "https://registry.yarnpkg.com/@swc/core-win32-ia32-msvc/-/core-win32-ia32-msvc-1.2.245.tgz#65c103fc8ac6f71ad25873c2c410f7502220a1af"
  integrity sha512-7mMwNFpD7eepMbbveSzeEIvOL5W2I2TPHD0kR6PKq//2mr4wR+LOrw6I4i0O159Go8bDVSrdRhCNzfY66oNJ7Q==
  dependencies:
    "@swc/wasm" "1.2.130"

"@swc/core-win32-x64-msvc@1.2.245":
  version "1.2.245"
  resolved "https://registry.yarnpkg.com/@swc/core-win32-x64-msvc/-/core-win32-x64-msvc-1.2.245.tgz#16a6fe0d0b14b36c4bdeec3bc2f670a3fb357798"
  integrity sha512-vgresfVnySSZs7DO8SLpn3SB0aX+EN7N6n4YtF/rH37rFwH4WIJhNKRv6Wq4n/hzx33OT116+e/bIDMTg2cEoQ==

"@swc/core@^1.2.226":
  version "1.2.245"
  resolved "https://registry.npmjs.org/@swc/core/-/core-1.2.245.tgz"
  integrity sha512-QbjqYkgC1AbJZqybzm3jWg13I5VhlRRODpeBb7H69h5GY1YUWdAb/mpKA5x5jh7j6VuGxJHDxYfry0Rv/MNz7w==
  optionalDependencies:
    "@swc/core-android-arm-eabi" "1.2.245"
    "@swc/core-android-arm64" "1.2.245"
    "@swc/core-darwin-arm64" "1.2.245"
    "@swc/core-darwin-x64" "1.2.245"
    "@swc/core-freebsd-x64" "1.2.245"
    "@swc/core-linux-arm-gnueabihf" "1.2.245"
    "@swc/core-linux-arm64-gnu" "1.2.245"
    "@swc/core-linux-arm64-musl" "1.2.245"
    "@swc/core-linux-x64-gnu" "1.2.245"
    "@swc/core-linux-x64-musl" "1.2.245"
    "@swc/core-win32-arm64-msvc" "1.2.245"
    "@swc/core-win32-ia32-msvc" "1.2.245"
    "@swc/core-win32-x64-msvc" "1.2.245"

"@swc/wasm@1.2.122":
  version "1.2.122"
  resolved "https://registry.yarnpkg.com/@swc/wasm/-/wasm-1.2.122.tgz#87a5e654b26a71b2e84b801f41e45f823b856639"
  integrity sha512-sM1VCWQxmNhFtdxME+8UXNyPNhxNu7zdb6ikWpz0YKAQQFRGT5ThZgJrubEpah335SUToNg8pkdDF7ibVCjxbQ==

"@swc/wasm@1.2.130":
  version "1.2.130"
  resolved "https://registry.yarnpkg.com/@swc/wasm/-/wasm-1.2.130.tgz#88ac26433335d1f957162a9a92f1450b73c176a0"
  integrity sha512-rNcJsBxS70+pv8YUWwf5fRlWX6JoY/HJc25HD/F8m6Kv7XhJdqPPMhyX6TKkUBPAG7TWlZYoxa+rHAjPy4Cj3Q==

"@types/node@^18.7.14":
  version "18.7.14"
  resolved "https://registry.yarnpkg.com/@types/node/-/node-18.7.14.tgz#0fe081752a3333392d00586d815485a17c2cf3c9"
  integrity sha512-6bbDaETVi8oyIARulOE9qF1/Qdi/23z6emrUh0fNJRUmjznqrixD4MpGDdgOFk5Xb0m2H6Xu42JGdvAxaJR/wA==

ansi-styles@^3.2.1:
  version "3.2.1"
  resolved "https://registry.npmjs.org/ansi-styles/-/ansi-styles-3.2.1.tgz"
  integrity sha512-VT0ZI6kZRdTh8YyJw3SMbYm/u+NqfsAxEpWO0Pf9sq8/e94WxxOpPKx9FR1FlyCtOVDNOQ+8ntlqFxiRc+r5qA==
  dependencies:
    color-convert "^1.9.0"

braces@^3.0.2:
  version "3.0.2"
  resolved "https://registry.npmjs.org/braces/-/braces-3.0.2.tgz"
  integrity sha512-b8um+L1RzM3WDSzvhm6gIz1yfTbBt6YTlcEKAvsmqCZZFw46z626lVj9j1yEPW33H5H+lBQpZMP1k8l+78Ha0A==
  dependencies:
    fill-range "^7.0.1"

buffer-from@^1.0.0:
  version "1.1.2"
  resolved "https://registry.yarnpkg.com/buffer-from/-/buffer-from-1.1.2.tgz#2b146a6fd72e80b4f55d255f35ed59a3a9a41bd5"
  integrity sha512-E+XQCRwSbaaiChtv6k6Dwgc+bx+Bs6vuKJHHl5kox/BaKbhiXzqQOwK4cO22yElGp2OCmjwVhT3HmxgyPGnJfQ==

chalk@^2.4.1:
  version "2.4.2"
  resolved "https://registry.npmjs.org/chalk/-/chalk-2.4.2.tgz"
  integrity sha512-Mti+f9lpJNcwF4tWV8/OrTTtF1gZi+f8FqlyAdouralcFWFQWF2+NgCHShjkCb+IFBLq9buZwE1xckQU4peSuQ==
  dependencies:
    ansi-styles "^3.2.1"
    escape-string-regexp "^1.0.5"
    supports-color "^5.3.0"

color-convert@^1.9.0:
  version "1.9.3"
  resolved "https://registry.npmjs.org/color-convert/-/color-convert-1.9.3.tgz"
  integrity sha512-QfAUtd+vFdAtFQcC8CCyYt1fYWxSqAiK2cSD6zDB8N3cpsEBAvRxp9zOGg6G/SHHJYAT88/az/IuDGALsNVbGg==
  dependencies:
    color-name "1.1.3"

color-name@1.1.3:
  version "1.1.3"
  resolved "https://registry.npmjs.org/color-name/-/color-name-1.1.3.tgz"
  integrity sha512-72fSenhMw2HZMTVHeCA9KCmpEIbzWiQsjN+BHcBbS9vr1mtt+vJjPdksIBNUmKAW8TFUDPJK5SUU3QhE9NEXDw==

colors@^1.4.0:
  version "1.4.0"
  resolved "https://registry.npmjs.org/colors/-/colors-1.4.0.tgz"
  integrity sha512-a+UqTh4kgZg/SlGvfbzDHpgRu7AAQOmmqRHJnxhRZICKFUT91brVhNNt58CMWU9PsBbv3PDCZUHbVxuDiH2mtA==

commander@^7.1.0:
  version "7.2.0"
  resolved "https://registry.npmjs.org/commander/-/commander-7.2.0.tgz"
  integrity sha512-QrWXB+ZQSVPmIWIhtEO9H+gwHaMGYiF5ChvoJ+K9ZGHG/sVsa6yiesAD1GC/x46sET00Xlwo1u49RVVVzvcSkw==

diff@^5.1.0:
  version "5.1.0"
  resolved "https://registry.npmjs.org/diff/-/diff-5.1.0.tgz"
  integrity sha512-D+mk+qE8VC/PAUrlAU34N+VfXev0ghe5ywmpqrawphmVZc1bEfn56uo9qpyGp1p4xpzOHkSW4ztBd6L7Xx4ACw==

esbuild-android-64@0.15.6:
  version "0.15.6"
  resolved "https://registry.yarnpkg.com/esbuild-android-64/-/esbuild-android-64-0.15.6.tgz#baaed943ca510c2ad546e116728132e76d1d2044"
  integrity sha512-Z1CHSgB1crVQi2LKSBwSkpaGtaloVz0ZIYcRMsvHc3uSXcR/x5/bv9wcZspvH/25lIGTaViosciS/NS09ERmVA==

esbuild-android-arm64@0.15.6:
  version "0.15.6"
  resolved "https://registry.yarnpkg.com/esbuild-android-arm64/-/esbuild-android-arm64-0.15.6.tgz#1c33c73d4c074969e014e31958116460c8e75a7a"
  integrity sha512-mvM+gqNxqKm2pCa3dnjdRzl7gIowuc4ga7P7c3yHzs58Im8v/Lfk1ixSgQ2USgIywT48QWaACRa3F4MG7djpSw==

esbuild-darwin-64@0.15.6:
  version "0.15.6"
  resolved "https://registry.npmjs.org/esbuild-darwin-64/-/esbuild-darwin-64-0.15.6.tgz"
  integrity sha512-BsfVt3usScAfGlXJiGtGamwVEOTM8AiYiw1zqDWhGv6BncLXCnTg1As+90mxWewdTZKq3iIy8s9g8CKkrrAXVw==

esbuild-darwin-arm64@0.15.6:
  version "0.15.6"
  resolved "https://registry.yarnpkg.com/esbuild-darwin-arm64/-/esbuild-darwin-arm64-0.15.6.tgz#194e987849dc4688654008a1792f26e948f52e74"
  integrity sha512-CnrAeJaEpPakUobhqO4wVSA4Zm6TPaI5UY4EsI62j9mTrjIyQPXA1n4Ju6Iu5TVZRnEqV6q8blodgYJ6CJuwCA==

esbuild-freebsd-64@0.15.6:
  version "0.15.6"
  resolved "https://registry.yarnpkg.com/esbuild-freebsd-64/-/esbuild-freebsd-64-0.15.6.tgz#daa72faee585ec2ec27cc65e86a6ce0786373e66"
  integrity sha512-+qFdmqi+jkAsxsNJkaWVrnxEUUI50nu6c3MBVarv3RCDCbz7ZS1a4ZrdkwEYFnKcVWu6UUE0Kkb1SQ1yGEG6sg==

esbuild-freebsd-arm64@0.15.6:
  version "0.15.6"
  resolved "https://registry.yarnpkg.com/esbuild-freebsd-arm64/-/esbuild-freebsd-arm64-0.15.6.tgz#70c8a2a30bf6bb9d547a0d8dc93aa015ec4f77f9"
  integrity sha512-KtQkQOhnNciXm2yrTYZMD3MOm2zBiiwFSU+dkwNbcfDumzzUprr1x70ClTdGuZwieBS1BM/k0KajRQX7r504Xw==

esbuild-linux-32@0.15.6:
  version "0.15.6"
  resolved "https://registry.yarnpkg.com/esbuild-linux-32/-/esbuild-linux-32-0.15.6.tgz#d69ed2335b2d68c00b3248254b432172077b7ced"
  integrity sha512-IAkDNz3TpxwISTGVdQijwyHBZrbFgLlRi5YXcvaEHtgbmayLSDcJmH5nV1MFgo/x2QdKcHBkOYHdjhKxUAcPwg==

esbuild-linux-64@0.15.6:
  version "0.15.6"
  resolved "https://registry.yarnpkg.com/esbuild-linux-64/-/esbuild-linux-64-0.15.6.tgz#dca821e8f129cccde23ac947fd0d4bea3b333808"
  integrity sha512-gQPksyrEYfA4LJwyfTQWAZaVZCx4wpaLrSzo2+Xc9QLC+i/sMWmX31jBjrn4nLJCd79KvwCinto36QC7BEIU/A==

esbuild-linux-arm64@0.15.6:
  version "0.15.6"
  resolved "https://registry.yarnpkg.com/esbuild-linux-arm64/-/esbuild-linux-arm64-0.15.6.tgz#c9e8bc86f3c58a7c8ff1ded5880c6a39ade7621b"
  integrity sha512-aovDkclFa6C9EdZVBuOXxqZx83fuoq8097xZKhEPSygwuy4Lxs8J4anHG7kojAsR+31lfUuxzOo2tHxv7EiNHA==

esbuild-linux-arm@0.15.6:
  version "0.15.6"
  resolved "https://registry.yarnpkg.com/esbuild-linux-arm/-/esbuild-linux-arm-0.15.6.tgz#354ecad0223f5b176995cf4462560eec2633de24"
  integrity sha512-xZ0Bq2aivsthDjA/ytQZzxrxIZbG0ATJYMJxNeOIBc1zUjpbVpzBKgllOZMsTSXMHFHGrow6TnCcgwqY0+oEoQ==

esbuild-linux-mips64le@0.15.6:
  version "0.15.6"
  resolved "https://registry.yarnpkg.com/esbuild-linux-mips64le/-/esbuild-linux-mips64le-0.15.6.tgz#f4fb941a4ff0af437deed69a2e0712983c8fff3e"
  integrity sha512-wVpW8wkWOGizsCqCwOR/G3SHwhaecpGy3fic9BF1r7vq4djLjUcA8KunDaBCjJ6TgLQFhJ98RjDuyEf8AGjAvw==

esbuild-linux-ppc64le@0.15.6:
  version "0.15.6"
  resolved "https://registry.yarnpkg.com/esbuild-linux-ppc64le/-/esbuild-linux-ppc64le-0.15.6.tgz#19774a8b52c77173f2d4f171b8a8cf839b12e686"
  integrity sha512-z6w6gsPH/Y77uchocluDC8tkCg9rfkcPTePzZKNr879bF4tu7j9t255wuNOCE396IYEGxY7y8u2HJ9i7kjCLVw==

esbuild-linux-riscv64@0.15.6:
  version "0.15.6"
  resolved "https://registry.yarnpkg.com/esbuild-linux-riscv64/-/esbuild-linux-riscv64-0.15.6.tgz#66bd83b065c4a1e623df02c122bc7e4e15fd8486"
  integrity sha512-pfK/3MJcmbfU399TnXW5RTPS1S+ID6ra+CVj9TFZ2s0q9Ja1F5A1VirUUvViPkjiw+Kq3zveyn6U09Wg1zJXrw==

esbuild-linux-s390x@0.15.6:
  version "0.15.6"
  resolved "https://registry.yarnpkg.com/esbuild-linux-s390x/-/esbuild-linux-s390x-0.15.6.tgz#1e024bddc75afe8dc70ed48fc9627af770d7f34b"
  integrity sha512-OZeeDu32liefcwAE63FhVqM4heWTC8E3MglOC7SK0KYocDdY/6jyApw0UDkDHlcEK9mW6alX/SH9r3PDjcCo/Q==

esbuild-netbsd-64@0.15.6:
  version "0.15.6"
  resolved "https://registry.yarnpkg.com/esbuild-netbsd-64/-/esbuild-netbsd-64-0.15.6.tgz#c11477d197f059c8794ee1691e3399201f7c4b9a"
  integrity sha512-kaxw61wcHMyiEsSsi5ut1YYs/hvTC2QkxJwyRvC2Cnsz3lfMLEu8zAjpBKWh9aU/N0O/gsRap4wTur5GRuSvBA==

esbuild-openbsd-64@0.15.6:
  version "0.15.6"
  resolved "https://registry.yarnpkg.com/esbuild-openbsd-64/-/esbuild-openbsd-64-0.15.6.tgz#b29e7faed5b8d2aeaf3884c47c1a96b1cba8e263"
  integrity sha512-CuoY60alzYfIZapUHqFXqXbj88bbRJu8Fp9okCSHRX2zWIcGz4BXAHXiG7dlCye5nFVrY72psesLuWdusyf2qw==

esbuild-sunos-64@0.15.6:
  version "0.15.6"
  resolved "https://registry.yarnpkg.com/esbuild-sunos-64/-/esbuild-sunos-64-0.15.6.tgz#9668f39e47179f50c0435040904b9c6e10e84a70"
  integrity sha512-1ceefLdPWcd1nW/ZLruPEYxeUEAVX0YHbG7w+BB4aYgfknaLGotI/ZvPWUZpzhC8l1EybrVlz++lm3E6ODIJOg==

esbuild-windows-32@0.15.6:
  version "0.15.6"
  resolved "https://registry.yarnpkg.com/esbuild-windows-32/-/esbuild-windows-32-0.15.6.tgz#9ddcd56e3c4fb9729a218c713c4e76bdbc1678b4"
  integrity sha512-pBqdOsKqCD5LRYiwF29PJRDJZi7/Wgkz46u3d17MRFmrLFcAZDke3nbdDa1c8YgY78RiemudfCeAemN8EBlIpA==

esbuild-windows-64@0.15.6:
  version "0.15.6"
  resolved "https://registry.yarnpkg.com/esbuild-windows-64/-/esbuild-windows-64-0.15.6.tgz#1eaadeadfd995e9d065d35cb3e9f02607202f339"
  integrity sha512-KpPOh4aTOo//g9Pk2oVAzXMpc9Sz9n5A9sZTmWqDSXCiiachfFhbuFlsKBGATYCVitXfmBIJ4nNYYWSOdz4hQg==

esbuild-windows-arm64@0.15.6:
  version "0.15.6"
  resolved "https://registry.yarnpkg.com/esbuild-windows-arm64/-/esbuild-windows-arm64-0.15.6.tgz#e18a778d354fc2ca2306688f3fedad8a3e57819e"
  integrity sha512-DB3G2x9OvFEa00jV+OkDBYpufq5x/K7a6VW6E2iM896DG4ZnAvJKQksOsCPiM1DUaa+DrijXAQ/ZOcKAqf/3Hg==

esbuild@^0.15.3, esbuild@~0.15.4:
  version "0.15.6"
  resolved "https://registry.npmjs.org/esbuild/-/esbuild-0.15.6.tgz"
  integrity sha512-sgLOv3l4xklvXzzczhRwKRotyrfyZ2i1fCS6PTOLPd9wevDPArGU8HFtHrHCOcsMwTjLjzGm15gvC8uxVzQf+w==
  optionalDependencies:
    "@esbuild/linux-loong64" "0.15.6"
    esbuild-android-64 "0.15.6"
    esbuild-android-arm64 "0.15.6"
    esbuild-darwin-64 "0.15.6"
    esbuild-darwin-arm64 "0.15.6"
    esbuild-freebsd-64 "0.15.6"
    esbuild-freebsd-arm64 "0.15.6"
    esbuild-linux-32 "0.15.6"
    esbuild-linux-64 "0.15.6"
    esbuild-linux-arm "0.15.6"
    esbuild-linux-arm64 "0.15.6"
    esbuild-linux-mips64le "0.15.6"
    esbuild-linux-ppc64le "0.15.6"
    esbuild-linux-riscv64 "0.15.6"
    esbuild-linux-s390x "0.15.6"
    esbuild-netbsd-64 "0.15.6"
    esbuild-openbsd-64 "0.15.6"
    esbuild-sunos-64 "0.15.6"
    esbuild-windows-32 "0.15.6"
    esbuild-windows-64 "0.15.6"
    esbuild-windows-arm64 "0.15.6"

escape-string-regexp@^1.0.5:
  version "1.0.5"
  resolved "https://registry.npmjs.org/escape-string-regexp/-/escape-string-regexp-1.0.5.tgz"
  integrity sha512-vbRorB5FUQWvla16U8R/qgaFIya2qGzwDrNmCZuYKrbdSUMG6I1ZCGQRefkRVhuOkIGVne7BQ35DSfo1qvJqFg==

fast-glob@^3.2.5:
  version "3.2.11"
  resolved "https://registry.npmjs.org/fast-glob/-/fast-glob-3.2.11.tgz"
  integrity sha512-xrO3+1bxSo3ZVHAnqzyuewYT6aMFHRAd4Kcs92MAonjwQZLsK9d0SF1IyQ3k5PoirxTW0Oe/RqFgMQ6TcNE5Ew==
  dependencies:
    "@nodelib/fs.stat" "^2.0.2"
    "@nodelib/fs.walk" "^1.2.3"
    glob-parent "^5.1.2"
    merge2 "^1.3.0"
    micromatch "^4.0.4"

fastq@^1.6.0:
  version "1.13.0"
  resolved "https://registry.npmjs.org/fastq/-/fastq-1.13.0.tgz"
  integrity sha512-YpkpUnK8od0o1hmeSc7UUs/eB/vIPWJYjKck2QKIzAf71Vm1AAQ3EbuZB3g2JIy+pg+ERD0vqI79KyZiB2e2Nw==
  dependencies:
    reusify "^1.0.4"

fill-range@^7.0.1:
  version "7.0.1"
  resolved "https://registry.npmjs.org/fill-range/-/fill-range-7.0.1.tgz"
  integrity sha512-qOo9F+dMUmC2Lcb4BbVvnKJxTPjCm+RRpe4gDuGrzkL7mEVl/djYSu2OdQ2Pa302N4oqkSg9ir6jaLWJ2USVpQ==
  dependencies:
    to-regex-range "^5.0.1"

fsevents@~2.3.2:
  version "2.3.2"
  resolved "https://registry.yarnpkg.com/fsevents/-/fsevents-2.3.2.tgz#8a526f78b8fdf4623b709e0b975c52c24c02fd1a"
  integrity sha512-xiqMQR4xAeHTuB9uWm+fFRcIOgKBMiOBP+eXiyT7jsgVCq1bkVygt00oASowB7EdtpOHaaPgKt812P9ab+DDKA==

get-tsconfig@^4.1.0:
  version "4.2.0"
  resolved "https://registry.yarnpkg.com/get-tsconfig/-/get-tsconfig-4.2.0.tgz#ff368dd7104dab47bf923404eb93838245c66543"
  integrity sha512-X8u8fREiYOE6S8hLbq99PeykTDoLVnxvF4DjWKJmz9xy2nNRdUcV8ZN9tniJFeKyTU3qnC9lL8n4Chd6LmVKHg==

glob-parent@^5.1.2:
  version "5.1.2"
  resolved "https://registry.npmjs.org/glob-parent/-/glob-parent-5.1.2.tgz"
  integrity sha512-AOIgSQCepiJYwP3ARnGx+5VnTu2HBYdzbGP45eLw1vr3zB3vZLeyed1sC9hnbcOc9/SrMyM5RPQrkGz4aS9Zow==
  dependencies:
    is-glob "^4.0.1"

has-flag@^3.0.0:
  version "3.0.0"
  resolved "https://registry.npmjs.org/has-flag/-/has-flag-3.0.0.tgz"
  integrity sha512-sKJf1+ceQBr4SMkvQnBDNDtf4TXpVhVGateu0t918bl30FnbE2m4vNLX+VWe/dpjlb+HugGYzW7uQXH98HPEYw==

is-extglob@^2.1.1:
  version "2.1.1"
  resolved "https://registry.npmjs.org/is-extglob/-/is-extglob-2.1.1.tgz"
  integrity sha512-SbKbANkN603Vi4jEZv49LeVJMn4yGwsbzZworEoyEiutsN3nJYdbO36zfhGJ6QEDpOZIFkDtnq5JRxmvl3jsoQ==

is-glob@^4.0.1:
  version "4.0.3"
  resolved "https://registry.npmjs.org/is-glob/-/is-glob-4.0.3.tgz"
  integrity sha512-xelSayHH36ZgE7ZWhli7pW34hNbNl8Ojv5KVmkJD4hBdD3th8Tfk9vYasLM+mXWOZhFkgZfxhLSnrwRr4elSSg==
  dependencies:
    is-extglob "^2.1.1"

is-number@^7.0.0:
  version "7.0.0"
  resolved "https://registry.npmjs.org/is-number/-/is-number-7.0.0.tgz"
  integrity sha512-41Cifkg6e8TylSpdtTpeLVMqvSBEVzTttHvERD741+pnZ8ANv0004MRL43QKPDlK9cGvNp6NZWZUBlbGXYxxng==

json-colorizer@^2.2.2:
  version "2.2.2"
  resolved "https://registry.npmjs.org/json-colorizer/-/json-colorizer-2.2.2.tgz"
  integrity sha512-56oZtwV1piXrQnRNTtJeqRv+B9Y/dXAYLqBBaYl/COcUdoZxgLBLAO88+CnkbT6MxNs0c5E9mPBIb2sFcNz3vw==
  dependencies:
    chalk "^2.4.1"
    lodash.get "^4.4.2"

lodash.get@^4.4.2:
  version "4.4.2"
  resolved "https://registry.npmjs.org/lodash.get/-/lodash.get-4.4.2.tgz"
  integrity sha512-z+Uw/vLuy6gQe8cfaFWD7p0wVv8fJl3mbzXh33RS+0oW2wvUqiRXiQ69gLWSLpgB5/6sU+r6BlQR0MBILadqTQ==

merge2@^1.3.0:
  version "1.4.1"
  resolved "https://registry.npmjs.org/merge2/-/merge2-1.4.1.tgz"
  integrity sha512-8q7VEgMJW4J8tcfVPy8g09NcQwZdbwFEqhe/WZkoIzjn/3TGDwtOCYtXGxA3O8tPzpczCCDgv+P2P5y00ZJOOg==

micromatch@^4.0.4:
  version "4.0.5"
  resolved "https://registry.npmjs.org/micromatch/-/micromatch-4.0.5.tgz"
  integrity sha512-DMy+ERcEW2q8Z2Po+WNXuw3c5YaUSFjAO5GsJqfEl7UjvtIuFKO6ZrKvcItdy98dwFI2N1tg3zNIdKaQT+aNdA==
  dependencies:
    braces "^3.0.2"
    picomatch "^2.3.1"

picomatch@^2.3.1:
  version "2.3.1"
  resolved "https://registry.npmjs.org/picomatch/-/picomatch-2.3.1.tgz"
  integrity sha512-JU3teHTNjmE2VCGFzuY8EXzCDVwEqB2a8fsIvwaStHhAWJEeVd1o1QD80CU6+ZdEXXSLbSsuLwJjkCBWqRQUVA==

queue-microtask@^1.2.2:
  version "1.2.3"
  resolved "https://registry.npmjs.org/queue-microtask/-/queue-microtask-1.2.3.tgz"
  integrity sha512-NuaNSa6flKT5JaSYQzJok04JzTL1CA6aGhv5rfLW3PgqA+M2ChpZQnAC8h8i4ZFkBS8X5RqkDBHA7r4hej3K9A==

reusify@^1.0.4:
  version "1.0.4"
  resolved "https://registry.npmjs.org/reusify/-/reusify-1.0.4.tgz"
  integrity sha512-U9nH88a3fc/ekCF1l0/UP1IosiuIjyTh7hBvXVMHYgVcfGvt897Xguj2UOLDeI5BG2m7/uwyaLVT6fbtCwTyzw==

run-parallel@^1.1.9:
  version "1.2.0"
  resolved "https://registry.npmjs.org/run-parallel/-/run-parallel-1.2.0.tgz"
  integrity sha512-5l4VyZR86LZ/lDxZTR6jqL8AFE2S0IFLMP26AbjsLVADxHdhB/c0GUsH+y39UfCi3dzz8OlQuPmnaJOMoDHQBA==
  dependencies:
    queue-microtask "^1.2.2"

slash@3.0.0:
  version "3.0.0"
  resolved "https://registry.npmjs.org/slash/-/slash-3.0.0.tgz"
  integrity sha512-g9Q1haeby36OSStwb4ntCGGGaKsaVSjQ68fBxoQcutl5fS1vuY18H3wSt3jFyFtrkx+Kz0V1G85A4MyAdDMi2Q==

source-map-support@^0.5.21:
  version "0.5.21"
  resolved "https://registry.yarnpkg.com/source-map-support/-/source-map-support-0.5.21.tgz#04fe7c7f9e1ed2d662233c28cb2b35b9f63f6e4f"
  integrity sha512-uBHU3L3czsIyYXKX88fdrGovxdSCoTGDRZ6SYXtSRxLZUzHg5P/66Ht6uoUlHu9EZod+inXhKo3qQgwXUT/y1w==
  dependencies:
    buffer-from "^1.0.0"
    source-map "^0.6.0"

source-map@^0.6.0:
  version "0.6.1"
  resolved "https://registry.yarnpkg.com/source-map/-/source-map-0.6.1.tgz#74722af32e9614e9c287a8d0bbde48b5e2f1a263"
  integrity sha512-UjgapumWlbMhkBgzT7Ykc5YXUT46F0iKu8SGXq0bcwP5dz/h0Plj6enJqjz1Zbq2l5WaqYnrVbwWOWMyF3F47g==

source-map@^0.7.3:
  version "0.7.4"
  resolved "https://registry.npmjs.org/source-map/-/source-map-0.7.4.tgz"
  integrity sha512-l3BikUxvPOcn5E74dZiq5BGsTb5yEwhaTSzccU6t4sDOH8NWJCstKO5QT2CvtFoK6F0saL7p9xHAqHOlCPJygA==

supports-color@^5.3.0:
  version "5.5.0"
  resolved "https://registry.npmjs.org/supports-color/-/supports-color-5.5.0.tgz"
  integrity sha512-QjVjwdXIt408MIiAqCX4oUKsgU2EqAGzs2Ppkm4aQYbjm+ZEWEcW4SfFNTr4uMNZma0ey4f5lgLrkB0aX0QMow==
  dependencies:
    has-flag "^3.0.0"

to-regex-range@^5.0.1:
  version "5.0.1"
  resolved "https://registry.npmjs.org/to-regex-range/-/to-regex-range-5.0.1.tgz"
  integrity sha512-65P7iz6X5yEr1cwcgvQxbbIw7Uk3gOy5dIdtZ4rDveLqhrdJP+Li/Hx6tyK0NEb+2GCyneCMJiGqrADCSNk8sQ==
  dependencies:
    is-number "^7.0.0"

tsx@^3.9.0:
  version "3.9.0"
  resolved "https://registry.yarnpkg.com/tsx/-/tsx-3.9.0.tgz#315738e2fa19dc5f2efd05517ed8fd3a52461acb"
  integrity sha512-ofxsE+qjqCYYq4UBt5khglvb+ESgxef1YpuNcdQI92kvcAT2tZVrnSK3g4bRXTUhLmKHcC5q8vIZA47os/stng==
  dependencies:
    "@esbuild-kit/cjs-loader" "^2.3.3"
    "@esbuild-kit/core-utils" "^2.1.0"
    "@esbuild-kit/esm-loader" "^2.4.2"
  optionalDependencies:
    fsevents "~2.3.2"
